// !$*UTF8*$!
{
	archiveVersion = 1;
	classes = {
	};
	objectVersion = 46;
	objects = {

/* Begin PBXBuildFile section */
		16B55A131B90FF6F001EDB00 /* AppDelegate.swift in Sources */ = {isa = PBXBuildFile; fileRef = 16B55A121B90FF6F001EDB00 /* AppDelegate.swift */; };
		16B55A151B90FF6F001EDB00 /* ViewController.swift in Sources */ = {isa = PBXBuildFile; fileRef = 16B55A141B90FF6F001EDB00 /* ViewController.swift */; };
		16B55A181B90FF6F001EDB00 /* Main.storyboard in Resources */ = {isa = PBXBuildFile; fileRef = 16B55A161B90FF6F001EDB00 /* Main.storyboard */; };
		16B55A1A1B90FF6F001EDB00 /* Images.xcassets in Resources */ = {isa = PBXBuildFile; fileRef = 16B55A191B90FF6F001EDB00 /* Images.xcassets */; };
		16B55A1D1B90FF6F001EDB00 /* LaunchScreen.xib in Resources */ = {isa = PBXBuildFile; fileRef = 16B55A1B1B90FF6F001EDB00 /* LaunchScreen.xib */; };
		16B55A291B90FF6F001EDB00 /* guess_the_flagTests.swift in Sources */ = {isa = PBXBuildFile; fileRef = 16B55A281B90FF6F001EDB00 /* guess_the_flagTests.swift */; };
/* End PBXBuildFile section */

/* Begin PBXContainerItemProxy section */
		16B55A231B90FF6F001EDB00 /* PBXContainerItemProxy */ = {
			isa = PBXContainerItemProxy;
			containerPortal = 16B55A051B90FF6F001EDB00 /* Project object */;
			proxyType = 1;
			remoteGlobalIDString = 16B55A0C1B90FF6F001EDB00;
			remoteInfo = "guess-the-flag";
		};
/* End PBXContainerItemProxy section */

/* Begin PBXFileReference section */
		16B55A0D1B90FF6F001EDB00 /* guess-the-flag.app */ = {isa = PBXFileReference; explicitFileType = wrapper.application; includeInIndex = 0; path = "guess-the-flag.app"; sourceTree = BUILT_PRODUCTS_DIR; };
		16B55A111B90FF6F001EDB00 /* Info.plist */ = {isa = PBXFileReference; lastKnownFileType = text.plist.xml; path = Info.plist; sourceTree = "<group>"; };
		16B55A121B90FF6F001EDB00 /* AppDelegate.swift */ = {isa = PBXFileReference; lastKnownFileType = sourcecode.swift; path = AppDelegate.swift; sourceTree = "<group>"; };
		16B55A141B90FF6F001EDB00 /* ViewController.swift */ = {isa = PBXFileReference; lastKnownFileType = sourcecode.swift; path = ViewController.swift; sourceTree = "<group>"; };
		16B55A171B90FF6F001EDB00 /* Base */ = {isa = PBXFileReference; lastKnownFileType = file.storyboard; name = Base; path = Base.lproj/Main.storyboard; sourceTree = "<group>"; };
		16B55A191B90FF6F001EDB00 /* Images.xcassets */ = {isa = PBXFileReference; lastKnownFileType = folder.assetcatalog; path = Images.xcassets; sourceTree = "<group>"; };
		16B55A1C1B90FF6F001EDB00 /* Base */ = {isa = PBXFileReference; lastKnownFileType = file.xib; name = Base; path = Base.lproj/LaunchScreen.xib; sourceTree = "<group>"; };
		16B55A221B90FF6F001EDB00 /* guess-the-flagTests.xctest */ = {isa = PBXFileReference; explicitFileType = wrapper.cfbundle; includeInIndex = 0; path = "guess-the-flagTests.xctest"; sourceTree = BUILT_PRODUCTS_DIR; };
		16B55A271B90FF6F001EDB00 /* Info.plist */ = {isa = PBXFileReference; lastKnownFileType = text.plist.xml; path = Info.plist; sourceTree = "<group>"; };
		16B55A281B90FF6F001EDB00 /* guess_the_flagTests.swift */ = {isa = PBXFileReference; lastKnownFileType = sourcecode.swift; path = guess_the_flagTests.swift; sourceTree = "<group>"; };
/* End PBXFileReference section */

/* Begin PBXFrameworksBuildPhase section */
		16B55A0A1B90FF6F001EDB00 /* Frameworks */ = {
			isa = PBXFrameworksBuildPhase;
			buildActionMask = 2147483647;
			files = (
			);
			runOnlyForDeploymentPostprocessing = 0;
		};
		16B55A1F1B90FF6F001EDB00 /* Frameworks */ = {
			isa = PBXFrameworksBuildPhase;
			buildActionMask = 2147483647;
			files = (
			);
			runOnlyForDeploymentPostprocessing = 0;
		};
/* End PBXFrameworksBuildPhase section */

/* Begin PBXGroup section */
		16B55A041B90FF6F001EDB00 = {
			isa = PBXGroup;
			children = (
				16B55A0F1B90FF6F001EDB00 /* guess-the-flag */,
				16B55A251B90FF6F001EDB00 /* guess-the-flagTests */,
				16B55A0E1B90FF6F001EDB00 /* Products */,
			);
			sourceTree = "<group>";
		};
		16B55A0E1B90FF6F001EDB00 /* Products */ = {
			isa = PBXGroup;
			children = (
				16B55A0D1B90FF6F001EDB00 /* guess-the-flag.app */,
				16B55A221B90FF6F001EDB00 /* guess-the-flagTests.xctest */,
			);
			name = Products;
			sourceTree = "<group>";
		};
		16B55A0F1B90FF6F001EDB00 /* guess-the-flag */ = {
			isa = PBXGroup;
			children = (
				16B55A121B90FF6F001EDB00 /* AppDelegate.swift */,
				16B55A141B90FF6F001EDB00 /* ViewController.swift */,
				16B55A161B90FF6F001EDB00 /* Main.storyboard */,
				16B55A191B90FF6F001EDB00 /* Images.xcassets */,
				16B55A1B1B90FF6F001EDB00 /* LaunchScreen.xib */,
				16B55A101B90FF6F001EDB00 /* Supporting Files */,
			);
			path = "guess-the-flag";
			sourceTree = "<group>";
		};
		16B55A101B90FF6F001EDB00 /* Supporting Files */ = {
			isa = PBXGroup;
			children = (
				16B55A111B90FF6F001EDB00 /* Info.plist */,
			);
			name = "Supporting Files";
			sourceTree = "<group>";
		};
		16B55A251B90FF6F001EDB00 /* guess-the-flagTests */ = {
			isa = PBXGroup;
			children = (
				16B55A281B90FF6F001EDB00 /* guess_the_flagTests.swift */,
				16B55A261B90FF6F001EDB00 /* Supporting Files */,
			);
			path = "guess-the-flagTests";
			sourceTree = "<group>";
		};
		16B55A261B90FF6F001EDB00 /* Supporting Files */ = {
			isa = PBXGroup;
			children = (
				16B55A271B90FF6F001EDB00 /* Info.plist */,
			);
			name = "Supporting Files";
			sourceTree = "<group>";
		};
/* End PBXGroup section */

/* Begin PBXNativeTarget section */
		16B55A0C1B90FF6F001EDB00 /* guess-the-flag */ = {
			isa = PBXNativeTarget;
			buildConfigurationList = 16B55A2C1B90FF6F001EDB00 /* Build configuration list for PBXNativeTarget "guess-the-flag" */;
			buildPhases = (
				16B55A091B90FF6F001EDB00 /* Sources */,
				16B55A0A1B90FF6F001EDB00 /* Frameworks */,
				16B55A0B1B90FF6F001EDB00 /* Resources */,
			);
			buildRules = (
			);
			dependencies = (
			);
			name = "guess-the-flag";
			productName = "guess-the-flag";
			productReference = 16B55A0D1B90FF6F001EDB00 /* guess-the-flag.app */;
			productType = "com.apple.product-type.application";
		};
		16B55A211B90FF6F001EDB00 /* guess-the-flagTests */ = {
			isa = PBXNativeTarget;
			buildConfigurationList = 16B55A2F1B90FF6F001EDB00 /* Build configuration list for PBXNativeTarget "guess-the-flagTests" */;
			buildPhases = (
				16B55A1E1B90FF6F001EDB00 /* Sources */,
				16B55A1F1B90FF6F001EDB00 /* Frameworks */,
				16B55A201B90FF6F001EDB00 /* Resources */,
			);
			buildRules = (
			);
			dependencies = (
				16B55A241B90FF6F001EDB00 /* PBXTargetDependency */,
			);
			name = "guess-the-flagTests";
			productName = "guess-the-flagTests";
			productReference = 16B55A221B90FF6F001EDB00 /* guess-the-flagTests.xctest */;
			productType = "com.apple.product-type.bundle.unit-test";
		};
/* End PBXNativeTarget section */

/* Begin PBXProject section */
		16B55A051B90FF6F001EDB00 /* Project object */ = {
			isa = PBXProject;
			attributes = {
				LastUpgradeCheck = 0640;
				ORGANIZATIONNAME = "Renan Kosicki";
				TargetAttributes = {
					16B55A0C1B90FF6F001EDB00 = {
						CreatedOnToolsVersion = 6.4;
					};
					16B55A211B90FF6F001EDB00 = {
						CreatedOnToolsVersion = 6.4;
						TestTargetID = 16B55A0C1B90FF6F001EDB00;
					};
				};
			};
			buildConfigurationList = 16B55A081B90FF6F001EDB00 /* Build configuration list for PBXProject "guess-the-flag" */;
			compatibilityVersion = "Xcode 3.2";
			developmentRegion = English;
			hasScannedForEncodings = 0;
			knownRegions = (
				en,
				Base,
			);
			mainGroup = 16B55A041B90FF6F001EDB00;
			productRefGroup = 16B55A0E1B90FF6F001EDB00 /* Products */;
			projectDirPath = "";
			projectRoot = "";
			targets = (
				16B55A0C1B90FF6F001EDB00 /* guess-the-flag */,
				16B55A211B90FF6F001EDB00 /* guess-the-flagTests */,
			);
		};
/* End PBXProject section */

/* Begin PBXResourcesBuildPhase section */
		16B55A0B1B90FF6F001EDB00 /* Resources */ = {
			isa = PBXResourcesBuildPhase;
			buildActionMask = 2147483647;
			files = (
				16B55A181B90FF6F001EDB00 /* Main.storyboard in Resources */,
				16B55A1D1B90FF6F001EDB00 /* LaunchScreen.xib in Resources */,
				16B55A1A1B90FF6F001EDB00 /* Images.xcassets in Resources */,
			);
			runOnlyForDeploymentPostprocessing = 0;
		};
		16B55A201B90FF6F001EDB00 /* Resources */ = {
			isa = PBXResourcesBuildPhase;
			buildActionMask = 2147483647;
			files = (
			);
			runOnlyForDeploymentPostprocessing = 0;
		};
/* End PBXResourcesBuildPhase section */

/* Begin PBXSourcesBuildPhase section */
		16B55A091B90FF6F001EDB00 /* Sources */ = {
			isa = PBXSourcesBuildPhase;
			buildActionMask = 2147483647;
			files = (
				16B55A151B90FF6F001EDB00 /* ViewController.swift in Sources */,
				16B55A131B90FF6F001EDB00 /* AppDelegate.swift in Sources */,
			);
			runOnlyForDeploymentPostprocessing = 0;
		};
		16B55A1E1B90FF6F001EDB00 /* Sources */ = {
			isa = PBXSourcesBuildPhase;
			buildActionMask = 2147483647;
			files = (
				16B55A291B90FF6F001EDB00 /* guess_the_flagTests.swift in Sources */,
			);
			runOnlyForDeploymentPostprocessing = 0;
		};
/* End PBXSourcesBuildPhase section */

/* Begin PBXTargetDependency section */
		16B55A241B90FF6F001EDB00 /* PBXTargetDependency */ = {
			isa = PBXTargetDependency;
			target = 16B55A0C1B90FF6F001EDB00 /* guess-the-flag */;
			targetProxy = 16B55A231B90FF6F001EDB00 /* PBXContainerItemProxy */;
		};
/* End PBXTargetDependency section */

/* Begin PBXVariantGroup section */
		16B55A161B90FF6F001EDB00 /* Main.storyboard */ = {
			isa = PBXVariantGroup;
			children = (
				16B55A171B90FF6F001EDB00 /* Base */,
			);
			name = Main.storyboard;
			sourceTree = "<group>";
		};
		16B55A1B1B90FF6F001EDB00 /* LaunchScreen.xib */ = {
			isa = PBXVariantGroup;
			children = (
				16B55A1C1B90FF6F001EDB00 /* Base */,
			);
			name = LaunchScreen.xib;
			sourceTree = "<group>";
		};
/* End PBXVariantGroup section */

/* Begin XCBuildConfiguration section */
		16B55A2A1B90FF6F001EDB00 /* Debug */ = {
			isa = XCBuildConfiguration;
			buildSettings = {
				ALWAYS_SEARCH_USER_PATHS = NO;
				CLANG_CXX_LANGUAGE_STANDARD = "gnu++0x";
				CLANG_CXX_LIBRARY = "libc++";
				CLANG_ENABLE_MODULES = YES;
				CLANG_ENABLE_OBJC_ARC = YES;
				CLANG_WARN_BOOL_CONVERSION = YES;
				CLANG_WARN_CONSTANT_CONVERSION = YES;
				CLANG_WARN_DIRECT_OBJC_ISA_USAGE = YES_ERROR;
				CLANG_WARN_EMPTY_BODY = YES;
				CLANG_WARN_ENUM_CONVERSION = YES;
				CLANG_WARN_INT_CONVERSION = YES;
				CLANG_WARN_OBJC_ROOT_CLASS = YES_ERROR;
				CLANG_WARN_UNREACHABLE_CODE = YES;
				CLANG_WARN__DUPLICATE_METHOD_MATCH = YES;
				"CODE_SIGN_IDENTITY[sdk=iphoneos*]" = "iPhone Developer";
				COPY_PHASE_STRIP = NO;
				DEBUG_INFORMATION_FORMAT = "dwarf-with-dsym";
				ENABLE_STRICT_OBJC_MSGSEND = YES;
				GCC_C_LANGUAGE_STANDARD = gnu99;
				GCC_DYNAMIC_NO_PIC = NO;
				GCC_NO_COMMON_BLOCKS = YES;
				GCC_OPTIMIZATION_LEVEL = 0;
				GCC_PREPROCESSOR_DEFINITIONS = (
					"DEBUG=1",
					"$(inherited)",
				);
				GCC_SYMBOLS_PRIVATE_EXTERN = NO;
				GCC_WARN_64_TO_32_BIT_CONVERSION = YES;
				GCC_WARN_ABOUT_RETURN_TYPE = YES_ERROR;
				GCC_WARN_UNDECLARED_SELECTOR = YES;
				GCC_WARN_UNINITIALIZED_AUTOS = YES_AGGRESSIVE;
				GCC_WARN_UNUSED_FUNCTION = YES;
				GCC_WARN_UNUSED_VARIABLE = YES;
				IPHONEOS_DEPLOYMENT_TARGET = 8.4;
				MTL_ENABLE_DEBUG_INFO = YES;
				ONLY_ACTIVE_ARCH = YES;
				SDKROOT = iphoneos;
				SWIFT_OPTIMIZATION_LEVEL = "-Onone";
			};
			name = Debug;
		};
		16B55A2B1B90FF6F001EDB00 /* Release */ = {
			isa = XCBuildConfiguration;
			buildSettings = {
				ALWAYS_SEARCH_USER_PATHS = NO;
				CLANG_CXX_LANGUAGE_STANDARD = "gnu++0x";
				CLANG_CXX_LIBRARY = "libc++";
				CLANG_ENABLE_MODULES = YES;
				CLANG_ENABLE_OBJC_ARC = YES;
				CLANG_WARN_BOOL_CONVERSION = YES;
				CLANG_WARN_CONSTANT_CONVERSION = YES;
				CLANG_WARN_DIRECT_OBJC_ISA_USAGE = YES_ERROR;
				CLANG_WARN_EMPTY_BODY = YES;
				CLANG_WARN_ENUM_CONVERSION = YES;
				CLANG_WARN_INT_CONVERSION = YES;
				CLANG_WARN_OBJC_ROOT_CLASS = YES_ERROR;
				CLANG_WARN_UNREACHABLE_CODE = YES;
				CLANG_WARN__DUPLICATE_METHOD_MATCH = YES;
				"CODE_SIGN_IDENTITY[sdk=iphoneos*]" = "iPhone Developer";
				COPY_PHASE_STRIP = NO;
				DEBUG_INFORMATION_FORMAT = "dwarf-with-dsym";
				ENABLE_NS_ASSERTIONS = NO;
				ENABLE_STRICT_OBJC_MSGSEND = YES;
				GCC_C_LANGUAGE_STANDARD = gnu99;
				GCC_NO_COMMON_BLOCKS = YES;
				GCC_WARN_64_TO_32_BIT_CONVERSION = YES;
				GCC_WARN_ABOUT_RETURN_TYPE = YES_ERROR;
				GCC_WARN_UNDECLARED_SELECTOR = YES;
				GCC_WARN_UNINITIALIZED_AUTOS = YES_AGGRESSIVE;
				GCC_WARN_UNUSED_FUNCTION = YES;
				GCC_WARN_UNUSED_VARIABLE = YES;
				IPHONEOS_DEPLOYMENT_TARGET = 8.4;
				MTL_ENABLE_DEBUG_INFO = NO;
				SDKROOT = iphoneos;
				VALIDATE_PRODUCT = YES;
			};
			name = Release;
		};
		16B55A2D1B90FF6F001EDB00 /* Debug */ = {
			isa = XCBuildConfiguration;
			buildSettings = {
				ASSETCATALOG_COMPILER_APPICON_NAME = AppIcon;
				INFOPLIST_FILE = "guess-the-flag/Info.plist";
				LD_RUNPATH_SEARCH_PATHS = "$(inherited) @executable_path/Frameworks";
				PRODUCT_NAME = "$(TARGET_NAME)";
			};
			name = Debug;
		};
		16B55A2E1B90FF6F001EDB00 /* Release */ = {
			isa = XCBuildConfiguration;
			buildSettings = {
				ASSETCATALOG_COMPILER_APPICON_NAME = AppIcon;
				INFOPLIST_FILE = "guess-the-flag/Info.plist";
				LD_RUNPATH_SEARCH_PATHS = "$(inherited) @executable_path/Frameworks";
				PRODUCT_NAME = "$(TARGET_NAME)";
			};
			name = Release;
		};
		16B55A301B90FF6F001EDB00 /* Debug */ = {
			isa = XCBuildConfiguration;
			buildSettings = {
				BUNDLE_LOADER = "$(TEST_HOST)";
				FRAMEWORK_SEARCH_PATHS = (
					"$(SDKROOT)/Developer/Library/Frameworks",
					"$(inherited)",
				);
				GCC_PREPROCESSOR_DEFINITIONS = (
					"DEBUG=1",
					"$(inherited)",
				);
				INFOPLIST_FILE = "guess-the-flagTests/Info.plist";
				LD_RUNPATH_SEARCH_PATHS = "$(inherited) @executable_path/Frameworks @loader_path/Frameworks";
				PRODUCT_NAME = "$(TARGET_NAME)";
				TEST_HOST = "$(BUILT_PRODUCTS_DIR)/guess-the-flag.app/guess-the-flag";
			};
			name = Debug;
		};
		16B55A311B90FF6F001EDB00 /* Release */ = {
			isa = XCBuildConfiguration;
			buildSettings = {
				BUNDLE_LOADER = "$(TEST_HOST)";
				FRAMEWORK_SEARCH_PATHS = (
					"$(SDKROOT)/Developer/Library/Frameworks",
					"$(inherited)",
				);
				INFOPLIST_FILE = "guess-the-flagTests/Info.plist";
				LD_RUNPATH_SEARCH_PATHS = "$(inherited) @executable_path/Frameworks @loader_path/Frameworks";
				PRODUCT_NAME = "$(TARGET_NAME)";
				TEST_HOST = "$(BUILT_PRODUCTS_DIR)/guess-the-flag.app/guess-the-flag";
			};
			name = Release;
		};
/* End XCBuildConfiguration section */

/* Begin XCConfigurationList section */
		16B55A081B90FF6F001EDB00 /* Build configuration list for PBXProject "guess-the-flag" */ = {
			isa = XCConfigurationList;
			buildConfigurations = (
				16B55A2A1B90FF6F001EDB00 /* Debug */,
				16B55A2B1B90FF6F001EDB00 /* Release */,
			);
			defaultConfigurationIsVisible = 0;
			defaultConfigurationName = Release;
		};
		16B55A2C1B90FF6F001EDB00 /* Build configuration list for PBXNativeTarget "guess-the-flag" */ = {
			isa = XCConfigurationList;
			buildConfigurations = (
				16B55A2D1B90FF6F001EDB00 /* Debug */,
				16B55A2E1B90FF6F001EDB00 /* Release */,
			);
			defaultConfigurationIsVisible = 0;
		};
		16B55A2F1B90FF6F001EDB00 /* Build configuration list for PBXNativeTarget "guess-the-flagTests" */ = {
			isa = XCConfigurationList;
			buildConfigurations = (
				16B55A301B90FF6F001EDB00 /* Debug */,
				16B55A311B90FF6F001EDB00 /* Release */,
			);
			defaultConfigurationIsVisible = 0;
		};
/* End XCConfigurationList section */
	};
	rootObject = 16B55A051B90FF6F001EDB00 /* Project object */;
}
